
Microsoft Visual Studio Solution File, Format Version 12.00
# Visual Studio Version 17
VisualStudioVersion = 17.1.32228.430
MinimumVisualStudioVersion = 10.0.40219.1
Project("{FAE04EC0-301F-11D3-BF4B-00C04F79EFBC}") = "ConsoleApp1", "ConsoleApp1\ConsoleApp1.csproj", "{628E722C-FFEE-43B0-888E-48247BC1B90A}"
EndProject
Project("{FAE04EC0-301F-11D3-BF4B-00C04F79EFBC}") = "Arrays", "Arrays\Arrays.csproj", "{7A4B444D-154D-4AA5-BA6B-64B1254C0494}"
EndProject
Project("{FAE04EC0-301F-11D3-BF4B-00C04F79EFBC}") = "Ejercicios", "Ejercicios\Ejercicios.csproj", "{3D97D635-1810-4517-B2E9-5034F30A68EC}"
EndProject
Global
	GlobalSection(SolutionConfigurationPlatforms) = preSolution
		Debug|Any CPU = Debug|Any CPU
		Release|Any CPU = Release|Any CPU
	EndGlobalSection
	GlobalSection(ProjectConfigurationPlatforms) = postSolution
		{628E722C-FFEE-43B0-888E-48247BC1B90A}.Debug|Any CPU.ActiveCfg = Debug|Any CPU
		{628E722C-FFEE-43B0-888E-48247BC1B90A}.Debug|Any CPU.Build.0 = Debug|Any CPU
		{628E722C-FFEE-43B0-888E-48247BC1B90A}.Release|Any CPU.ActiveCfg = Release|Any CPU
		{628E722C-FFEE-43B0-888E-48247BC1B90A}.Release|Any CPU.Build.0 = Release|Any CPU
		{7A4B444D-154D-4AA5-BA6B-64B1254C0494}.Debug|Any CPU.ActiveCfg = Debug|Any CPU
		{7A4B444D-154D-4AA5-BA6B-64B1254C0494}.Debug|Any CPU.Build.0 = Debug|Any CPU
		{7A4B444D-154D-4AA5-BA6B-64B1254C0494}.Release|Any CPU.ActiveCfg = Release|Any CPU
		{7A4B444D-154D-4AA5-BA6B-64B1254C0494}.Release|Any CPU.Build.0 = Release|Any CPU
		{3D97D635-1810-4517-B2E9-5034F30A68EC}.Debug|Any CPU.ActiveCfg = Debug|Any CPU
		{3D97D635-1810-4517-B2E9-5034F30A68EC}.Debug|Any CPU.Build.0 = Debug|Any CPU
		{3D97D635-1810-4517-B2E9-5034F30A68EC}.Release|Any CPU.ActiveCfg = Release|Any CPU
		{3D97D635-1810-4517-B2E9-5034F30A68EC}.Release|Any CPU.Build.0 = Release|Any CPU
	EndGlobalSection
	GlobalSection(SolutionProperties) = preSolution
		HideSolutionNode = FALSE
	EndGlobalSection
	GlobalSection(ExtensibilityGlobals) = postSolution
		SolutionGuid = {14811B43-4F6C-4BAB-B432-22127B589C8B}
	EndGlobalSection
EndGlobal
